
Microsoft Visual Studio Solution File, Format Version 12.00
# Visual Studio Version 17
VisualStudioVersion = 17.0.31903.59
MinimumVisualStudioVersion = 10.0.40219.1
Project("{FAE04EC0-301F-11D3-BF4B-00C04F79EFBC}") = "HuntingManticore", "HuntingManticore\HuntingManticore.csproj", "{546A5020-5B6F-4934-807C-B012504EC0DF}"
EndProject
Project("{FAE04EC0-301F-11D3-BF4B-00C04F79EFBC}") = "RPGCharacter", "RPGCharacter\RPGCharacter.csproj", "{CF10A8A4-60AC-4EE5-B731-EDFBBFCB21BB}"
EndProject
Project("{2150E333-8FDC-42A3-9474-1A3956D46DE8}") = "PracticeLand", "PracticeLand", "{9B85527F-246C-4E01-A0EA-2ED7D8D53059}"
EndProject
Project("{FAE04EC0-301F-11D3-BF4B-00C04F79EFBC}") = "Vin_Fletechers_Arrows", "PracticeLand\Vin_Fletechers_Arrows\Vin_Fletechers_Arrows.csproj", "{34F1BFD6-C2C2-4C98-AD1D-BCCB031BB74C}"
EndProject
Project("{FAE04EC0-301F-11D3-BF4B-00C04F79EFBC}") = "Simulas_Soup", "PracticeLand\Simulas_Soup\Simulas_Soup.csproj", "{F30196BB-8FA5-48A0-A663-1C8C993FFAFC}"
EndProject
Global
	GlobalSection(SolutionConfigurationPlatforms) = preSolution
		Debug|Any CPU = Debug|Any CPU
		Release|Any CPU = Release|Any CPU
	EndGlobalSection
	GlobalSection(SolutionProperties) = preSolution
		HideSolutionNode = FALSE
	EndGlobalSection
	GlobalSection(ProjectConfigurationPlatforms) = postSolution
		{546A5020-5B6F-4934-807C-B012504EC0DF}.Debug|Any CPU.ActiveCfg = Debug|Any CPU
		{546A5020-5B6F-4934-807C-B012504EC0DF}.Debug|Any CPU.Build.0 = Debug|Any CPU
		{546A5020-5B6F-4934-807C-B012504EC0DF}.Release|Any CPU.ActiveCfg = Release|Any CPU
		{546A5020-5B6F-4934-807C-B012504EC0DF}.Release|Any CPU.Build.0 = Release|Any CPU
		{7596F2F8-3002-4885-8291-43B2E3107957}.Debug|Any CPU.ActiveCfg = Debug|Any CPU
		{7596F2F8-3002-4885-8291-43B2E3107957}.Debug|Any CPU.Build.0 = Debug|Any CPU
		{7596F2F8-3002-4885-8291-43B2E3107957}.Release|Any CPU.ActiveCfg = Release|Any CPU
		{7596F2F8-3002-4885-8291-43B2E3107957}.Release|Any CPU.Build.0 = Release|Any CPU
		{FBF07788-4D5F-4791-B934-940B5BE6A56B}.Debug|Any CPU.ActiveCfg = Debug|Any CPU
		{FBF07788-4D5F-4791-B934-940B5BE6A56B}.Debug|Any CPU.Build.0 = Debug|Any CPU
		{FBF07788-4D5F-4791-B934-940B5BE6A56B}.Release|Any CPU.ActiveCfg = Release|Any CPU
		{FBF07788-4D5F-4791-B934-940B5BE6A56B}.Release|Any CPU.Build.0 = Release|Any CPU
		{CF10A8A4-60AC-4EE5-B731-EDFBBFCB21BB}.Debug|Any CPU.ActiveCfg = Debug|Any CPU
		{CF10A8A4-60AC-4EE5-B731-EDFBBFCB21BB}.Debug|Any CPU.Build.0 = Debug|Any CPU
		{CF10A8A4-60AC-4EE5-B731-EDFBBFCB21BB}.Release|Any CPU.ActiveCfg = Release|Any CPU
		{CF10A8A4-60AC-4EE5-B731-EDFBBFCB21BB}.Release|Any CPU.Build.0 = Release|Any CPU
		{34F1BFD6-C2C2-4C98-AD1D-BCCB031BB74C}.Debug|Any CPU.ActiveCfg = Debug|Any CPU
		{34F1BFD6-C2C2-4C98-AD1D-BCCB031BB74C}.Debug|Any CPU.Build.0 = Debug|Any CPU
		{34F1BFD6-C2C2-4C98-AD1D-BCCB031BB74C}.Release|Any CPU.ActiveCfg = Release|Any CPU
		{34F1BFD6-C2C2-4C98-AD1D-BCCB031BB74C}.Release|Any CPU.Build.0 = Release|Any CPU
		{F30196BB-8FA5-48A0-A663-1C8C993FFAFC}.Debug|Any CPU.ActiveCfg = Debug|Any CPU
		{F30196BB-8FA5-48A0-A663-1C8C993FFAFC}.Debug|Any CPU.Build.0 = Debug|Any CPU
		{F30196BB-8FA5-48A0-A663-1C8C993FFAFC}.Release|Any CPU.ActiveCfg = Release|Any CPU
		{F30196BB-8FA5-48A0-A663-1C8C993FFAFC}.Release|Any CPU.Build.0 = Release|Any CPU
	EndGlobalSection
	GlobalSection(NestedProjects) = preSolution
		{34F1BFD6-C2C2-4C98-AD1D-BCCB031BB74C} = {9B85527F-246C-4E01-A0EA-2ED7D8D53059}
		{F30196BB-8FA5-48A0-A663-1C8C993FFAFC} = {9B85527F-246C-4E01-A0EA-2ED7D8D53059}
	EndGlobalSection
EndGlobal
