
Microsoft Visual Studio Solution File, Format Version 12.00
# Visual Studio Version 17
VisualStudioVersion = 17.0.31903.59
MinimumVisualStudioVersion = 10.0.40219.1
Project("{FAE04EC0-301F-11D3-BF4B-00C04F79EFBC}") = "HuntingManticore", "HuntingManticore\HuntingManticore.csproj", "{546A5020-5B6F-4934-807C-B012504EC0DF}"
EndProject
Project("{FAE04EC0-301F-11D3-BF4B-00C04F79EFBC}") = "RPGCharacter", "RPGCharacter\RPGCharacter.csproj", "{CF10A8A4-60AC-4EE5-B731-EDFBBFCB21BB}"
EndProject
Project("{2150E333-8FDC-42A3-9474-1A3956D46DE8}") = "PracticeLand", "PracticeLand", "{9B85527F-246C-4E01-A0EA-2ED7D8D53059}"
EndProject
Project("{FAE04EC0-301F-11D3-BF4B-00C04F79EFBC}") = "Vin_Fletechers_Arrows", "PracticeLand\Vin_Fletechers_Arrows\Vin_Fletechers_Arrows.csproj", "{34F1BFD6-C2C2-4C98-AD1D-BCCB031BB74C}"
EndProject
Project("{FAE04EC0-301F-11D3-BF4B-00C04F79EFBC}") = "Simulas_Soup", "PracticeLand\Simulas_Soup\Simulas_Soup.csproj", "{F30196BB-8FA5-48A0-A663-1C8C993FFAFC}"
EndProject
Project("{FAE04EC0-301F-11D3-BF4B-00C04F79EFBC}") = "DefenseConsola", "PracticeLand\DefenseConsola\DefenseConsola.csproj", "{624A6806-3FF2-46F9-918D-2DE576147366}"
EndProject
Project("{FAE04EC0-301F-11D3-BF4B-00C04F79EFBC}") = "BuyingInventory", "PracticeLand\BuyingInventory\BuyingInventory.csproj", "{E9549551-A919-48F3-939E-133293C09095}"
EndProject
Project("{FAE04EC0-301F-11D3-BF4B-00C04F79EFBC}") = "Replicator", "PracticeLand\Replicator\Replicator.csproj", "{59ED68DF-88DA-4D4C-A1A1-3BB2C918B97F}"
EndProject
Project("{FAE04EC0-301F-11D3-BF4B-00C04F79EFBC}") = "LawsFreach", "PracticeLand\LawsFreach\LawsFreach.csproj", "{D2F97034-D602-4376-AED2-97B67AFCF727}"
EndProject
Project("{FAE04EC0-301F-11D3-BF4B-00C04F79EFBC}") = "PracticeArea", "PracticeLand\PracticeArea\PracticeArea.csproj", "{9976832A-AB0F-4C46-BF39-F4B07229899A}"
EndProject
Project("{FAE04EC0-301F-11D3-BF4B-00C04F79EFBC}") = "Triangle_Farmer", "PracticeLand\Triangle_Farmer\Triangle_Farmer.csproj", "{985B7FD9-DA62-41AA-A0B0-F336F786F754}"
EndProject
Project("{FAE04EC0-301F-11D3-BF4B-00C04F79EFBC}") = "Simulas_Test", "PracticeLand\Simulas_Test\Simulas_Test.csproj", "{4F66D5DA-ED6B-4FEE-8503-F20971ACC3B5}"
EndProject
Project("{FAE04EC0-301F-11D3-BF4B-00C04F79EFBC}") = "The_Point", "PracticeLand\The_Point\The_Point.csproj", "{12EE95FF-005D-4CAB-B668-165FBDA3F80B}"
EndProject
Project("{FAE04EC0-301F-11D3-BF4B-00C04F79EFBC}") = "The_Color", "PracticeLand\The_Color\The_Color.csproj", "{57926E68-64DD-45A3-A2C6-0D9FD4F66D2A}"
EndProject
Project("{FAE04EC0-301F-11D3-BF4B-00C04F79EFBC}") = "The_Card", "PracticeLand\The_Card\The_Card.csproj", "{522C0F6E-936B-4F7F-A082-ECB594090E19}"
EndProject
Project("{FAE04EC0-301F-11D3-BF4B-00C04F79EFBC}") = "The_Locked_door", "PracticeLand\The_Locked_door\The_Locked_door.csproj", "{3AA45009-666B-4E6B-A63D-22475CAC9EDE}"
EndProject
Project("{FAE04EC0-301F-11D3-BF4B-00C04F79EFBC}") = "The_Password_Validator", "PracticeLand\The_Password_Validator\The_Password_Validator.csproj", "{3E7BB2FE-3CE8-499F-92E0-2AD1BF39E48D}"
EndProject
Global
	GlobalSection(SolutionConfigurationPlatforms) = preSolution
		Debug|Any CPU = Debug|Any CPU
		Release|Any CPU = Release|Any CPU
	EndGlobalSection
	GlobalSection(SolutionProperties) = preSolution
		HideSolutionNode = FALSE
	EndGlobalSection
	GlobalSection(ProjectConfigurationPlatforms) = postSolution
		{546A5020-5B6F-4934-807C-B012504EC0DF}.Debug|Any CPU.ActiveCfg = Debug|Any CPU
		{546A5020-5B6F-4934-807C-B012504EC0DF}.Debug|Any CPU.Build.0 = Debug|Any CPU
		{546A5020-5B6F-4934-807C-B012504EC0DF}.Release|Any CPU.ActiveCfg = Release|Any CPU
		{546A5020-5B6F-4934-807C-B012504EC0DF}.Release|Any CPU.Build.0 = Release|Any CPU
		{7596F2F8-3002-4885-8291-43B2E3107957}.Debug|Any CPU.ActiveCfg = Debug|Any CPU
		{7596F2F8-3002-4885-8291-43B2E3107957}.Debug|Any CPU.Build.0 = Debug|Any CPU
		{7596F2F8-3002-4885-8291-43B2E3107957}.Release|Any CPU.ActiveCfg = Release|Any CPU
		{7596F2F8-3002-4885-8291-43B2E3107957}.Release|Any CPU.Build.0 = Release|Any CPU
		{FBF07788-4D5F-4791-B934-940B5BE6A56B}.Debug|Any CPU.ActiveCfg = Debug|Any CPU
		{FBF07788-4D5F-4791-B934-940B5BE6A56B}.Debug|Any CPU.Build.0 = Debug|Any CPU
		{FBF07788-4D5F-4791-B934-940B5BE6A56B}.Release|Any CPU.ActiveCfg = Release|Any CPU
		{FBF07788-4D5F-4791-B934-940B5BE6A56B}.Release|Any CPU.Build.0 = Release|Any CPU
		{CF10A8A4-60AC-4EE5-B731-EDFBBFCB21BB}.Debug|Any CPU.ActiveCfg = Debug|Any CPU
		{CF10A8A4-60AC-4EE5-B731-EDFBBFCB21BB}.Debug|Any CPU.Build.0 = Debug|Any CPU
		{CF10A8A4-60AC-4EE5-B731-EDFBBFCB21BB}.Release|Any CPU.ActiveCfg = Release|Any CPU
		{CF10A8A4-60AC-4EE5-B731-EDFBBFCB21BB}.Release|Any CPU.Build.0 = Release|Any CPU
		{34F1BFD6-C2C2-4C98-AD1D-BCCB031BB74C}.Debug|Any CPU.ActiveCfg = Debug|Any CPU
		{34F1BFD6-C2C2-4C98-AD1D-BCCB031BB74C}.Debug|Any CPU.Build.0 = Debug|Any CPU
		{34F1BFD6-C2C2-4C98-AD1D-BCCB031BB74C}.Release|Any CPU.ActiveCfg = Release|Any CPU
		{34F1BFD6-C2C2-4C98-AD1D-BCCB031BB74C}.Release|Any CPU.Build.0 = Release|Any CPU
		{F30196BB-8FA5-48A0-A663-1C8C993FFAFC}.Debug|Any CPU.ActiveCfg = Debug|Any CPU
		{F30196BB-8FA5-48A0-A663-1C8C993FFAFC}.Debug|Any CPU.Build.0 = Debug|Any CPU
		{F30196BB-8FA5-48A0-A663-1C8C993FFAFC}.Release|Any CPU.ActiveCfg = Release|Any CPU
		{F30196BB-8FA5-48A0-A663-1C8C993FFAFC}.Release|Any CPU.Build.0 = Release|Any CPU
		{624A6806-3FF2-46F9-918D-2DE576147366}.Debug|Any CPU.ActiveCfg = Debug|Any CPU
		{624A6806-3FF2-46F9-918D-2DE576147366}.Debug|Any CPU.Build.0 = Debug|Any CPU
		{624A6806-3FF2-46F9-918D-2DE576147366}.Release|Any CPU.ActiveCfg = Release|Any CPU
		{624A6806-3FF2-46F9-918D-2DE576147366}.Release|Any CPU.Build.0 = Release|Any CPU
		{E9549551-A919-48F3-939E-133293C09095}.Debug|Any CPU.ActiveCfg = Debug|Any CPU
		{E9549551-A919-48F3-939E-133293C09095}.Debug|Any CPU.Build.0 = Debug|Any CPU
		{E9549551-A919-48F3-939E-133293C09095}.Release|Any CPU.ActiveCfg = Release|Any CPU
		{E9549551-A919-48F3-939E-133293C09095}.Release|Any CPU.Build.0 = Release|Any CPU
		{59ED68DF-88DA-4D4C-A1A1-3BB2C918B97F}.Debug|Any CPU.ActiveCfg = Debug|Any CPU
		{59ED68DF-88DA-4D4C-A1A1-3BB2C918B97F}.Debug|Any CPU.Build.0 = Debug|Any CPU
		{59ED68DF-88DA-4D4C-A1A1-3BB2C918B97F}.Release|Any CPU.ActiveCfg = Release|Any CPU
		{59ED68DF-88DA-4D4C-A1A1-3BB2C918B97F}.Release|Any CPU.Build.0 = Release|Any CPU
		{D2F97034-D602-4376-AED2-97B67AFCF727}.Debug|Any CPU.ActiveCfg = Debug|Any CPU
		{D2F97034-D602-4376-AED2-97B67AFCF727}.Debug|Any CPU.Build.0 = Debug|Any CPU
		{D2F97034-D602-4376-AED2-97B67AFCF727}.Release|Any CPU.ActiveCfg = Release|Any CPU
		{D2F97034-D602-4376-AED2-97B67AFCF727}.Release|Any CPU.Build.0 = Release|Any CPU
		{9976832A-AB0F-4C46-BF39-F4B07229899A}.Debug|Any CPU.ActiveCfg = Debug|Any CPU
		{9976832A-AB0F-4C46-BF39-F4B07229899A}.Debug|Any CPU.Build.0 = Debug|Any CPU
		{9976832A-AB0F-4C46-BF39-F4B07229899A}.Release|Any CPU.ActiveCfg = Release|Any CPU
		{9976832A-AB0F-4C46-BF39-F4B07229899A}.Release|Any CPU.Build.0 = Release|Any CPU
		{985B7FD9-DA62-41AA-A0B0-F336F786F754}.Debug|Any CPU.ActiveCfg = Debug|Any CPU
		{985B7FD9-DA62-41AA-A0B0-F336F786F754}.Debug|Any CPU.Build.0 = Debug|Any CPU
		{985B7FD9-DA62-41AA-A0B0-F336F786F754}.Release|Any CPU.ActiveCfg = Release|Any CPU
		{985B7FD9-DA62-41AA-A0B0-F336F786F754}.Release|Any CPU.Build.0 = Release|Any CPU
		{4F66D5DA-ED6B-4FEE-8503-F20971ACC3B5}.Debug|Any CPU.ActiveCfg = Debug|Any CPU
		{4F66D5DA-ED6B-4FEE-8503-F20971ACC3B5}.Debug|Any CPU.Build.0 = Debug|Any CPU
		{4F66D5DA-ED6B-4FEE-8503-F20971ACC3B5}.Release|Any CPU.ActiveCfg = Release|Any CPU
		{4F66D5DA-ED6B-4FEE-8503-F20971ACC3B5}.Release|Any CPU.Build.0 = Release|Any CPU
		{12EE95FF-005D-4CAB-B668-165FBDA3F80B}.Debug|Any CPU.ActiveCfg = Debug|Any CPU
		{12EE95FF-005D-4CAB-B668-165FBDA3F80B}.Debug|Any CPU.Build.0 = Debug|Any CPU
		{12EE95FF-005D-4CAB-B668-165FBDA3F80B}.Release|Any CPU.ActiveCfg = Release|Any CPU
		{12EE95FF-005D-4CAB-B668-165FBDA3F80B}.Release|Any CPU.Build.0 = Release|Any CPU
		{57926E68-64DD-45A3-A2C6-0D9FD4F66D2A}.Debug|Any CPU.ActiveCfg = Debug|Any CPU
		{57926E68-64DD-45A3-A2C6-0D9FD4F66D2A}.Debug|Any CPU.Build.0 = Debug|Any CPU
		{57926E68-64DD-45A3-A2C6-0D9FD4F66D2A}.Release|Any CPU.ActiveCfg = Release|Any CPU
		{57926E68-64DD-45A3-A2C6-0D9FD4F66D2A}.Release|Any CPU.Build.0 = Release|Any CPU
		{522C0F6E-936B-4F7F-A082-ECB594090E19}.Debug|Any CPU.ActiveCfg = Debug|Any CPU
		{522C0F6E-936B-4F7F-A082-ECB594090E19}.Debug|Any CPU.Build.0 = Debug|Any CPU
		{522C0F6E-936B-4F7F-A082-ECB594090E19}.Release|Any CPU.ActiveCfg = Release|Any CPU
		{522C0F6E-936B-4F7F-A082-ECB594090E19}.Release|Any CPU.Build.0 = Release|Any CPU
		{3AA45009-666B-4E6B-A63D-22475CAC9EDE}.Debug|Any CPU.ActiveCfg = Debug|Any CPU
		{3AA45009-666B-4E6B-A63D-22475CAC9EDE}.Debug|Any CPU.Build.0 = Debug|Any CPU
		{3AA45009-666B-4E6B-A63D-22475CAC9EDE}.Release|Any CPU.ActiveCfg = Release|Any CPU
		{3AA45009-666B-4E6B-A63D-22475CAC9EDE}.Release|Any CPU.Build.0 = Release|Any CPU
		{3E7BB2FE-3CE8-499F-92E0-2AD1BF39E48D}.Debug|Any CPU.ActiveCfg = Debug|Any CPU
		{3E7BB2FE-3CE8-499F-92E0-2AD1BF39E48D}.Debug|Any CPU.Build.0 = Debug|Any CPU
		{3E7BB2FE-3CE8-499F-92E0-2AD1BF39E48D}.Release|Any CPU.ActiveCfg = Release|Any CPU
		{3E7BB2FE-3CE8-499F-92E0-2AD1BF39E48D}.Release|Any CPU.Build.0 = Release|Any CPU
	EndGlobalSection
	GlobalSection(NestedProjects) = preSolution
		{34F1BFD6-C2C2-4C98-AD1D-BCCB031BB74C} = {9B85527F-246C-4E01-A0EA-2ED7D8D53059}
		{F30196BB-8FA5-48A0-A663-1C8C993FFAFC} = {9B85527F-246C-4E01-A0EA-2ED7D8D53059}
		{624A6806-3FF2-46F9-918D-2DE576147366} = {9B85527F-246C-4E01-A0EA-2ED7D8D53059}
		{E9549551-A919-48F3-939E-133293C09095} = {9B85527F-246C-4E01-A0EA-2ED7D8D53059}
		{59ED68DF-88DA-4D4C-A1A1-3BB2C918B97F} = {9B85527F-246C-4E01-A0EA-2ED7D8D53059}
		{D2F97034-D602-4376-AED2-97B67AFCF727} = {9B85527F-246C-4E01-A0EA-2ED7D8D53059}
		{9976832A-AB0F-4C46-BF39-F4B07229899A} = {9B85527F-246C-4E01-A0EA-2ED7D8D53059}
		{985B7FD9-DA62-41AA-A0B0-F336F786F754} = {9B85527F-246C-4E01-A0EA-2ED7D8D53059}
		{4F66D5DA-ED6B-4FEE-8503-F20971ACC3B5} = {9B85527F-246C-4E01-A0EA-2ED7D8D53059}
		{12EE95FF-005D-4CAB-B668-165FBDA3F80B} = {9B85527F-246C-4E01-A0EA-2ED7D8D53059}
		{57926E68-64DD-45A3-A2C6-0D9FD4F66D2A} = {9B85527F-246C-4E01-A0EA-2ED7D8D53059}
		{522C0F6E-936B-4F7F-A082-ECB594090E19} = {9B85527F-246C-4E01-A0EA-2ED7D8D53059}
		{3AA45009-666B-4E6B-A63D-22475CAC9EDE} = {9B85527F-246C-4E01-A0EA-2ED7D8D53059}
		{3E7BB2FE-3CE8-499F-92E0-2AD1BF39E48D} = {9B85527F-246C-4E01-A0EA-2ED7D8D53059}
	EndGlobalSection
EndGlobal
